# This file is automatically @generated by Poetry 1.8.3 and should not be changed by hand.

[[package]]
name = "click"
version = "8.2.1"
description = "Composable command line interface toolkit"
optional = false
python-versions = ">=3.10"
files = [
    {file = "click-8.2.1-py3-none-any.whl", hash = "sha256:61a3265b914e850b85317d0b3109c7f8cd35a670f963866005d6ef1d5175a12b"},
    {file = "click-8.2.1.tar.gz", hash = "sha256:27c491cc05d968d271d5a1db13e3b5a184636d9d930f148c50b038f0d0646202"},
]

[package.dependencies]
colorama = {version = "*", markers = "platform_system == \"Windows\""}

[[package]]
name = "colorama"
version = "0.4.6"
description = "Cross-platform colored terminal text."
optional = false
python-versions = "!=3.0.*,!=3.1.*,!=3.2.*,!=3.3.*,!=3.4.*,!=3.5.*,!=3.6.*,>=2.7"
files = [
    {file = "colorama-0.4.6-py2.py3-none-any.whl", hash = "sha256:4f1d9991f5acc0ca119f9d443620b77f9d6b33703e51011c16baf57afb285fc6"},
    {file = "colorama-0.4.6.tar.gz", hash = "sha256:08695f5cb7ed6e0531a20572697297273c47b8cae5a63ffc6d6ed5c201be6e44"},
]

[[package]]
name = "pyaes"
version = "1.6.1"
description = "Pure-Python Implementation of the AES block-cipher and common modes of operation"
optional = false
python-versions = "*"
files = [
    {file = "pyaes-1.6.1.tar.gz", hash = "sha256:02c1b1405c38d3c370b085fb952dd8bea3fadcee6411ad99f312cc129c536d8f"},
]

[[package]]
name = "pyrotgfork"
version = "2.2.13"
description = "Fork of Pyrogram. Elegant, modern and asynchronous Telegram MTProto API framework in Python for users and bots"
optional = false
python-versions = ">=3.9"
files = [
    {file = "pyrotgfork-2.2.13-py3-none-any.whl", hash = "sha256:6ea7d1ff89c471486890de3481eb9f1bd5637378f9652a527f33cae6863ed6e0"},
    {file = "pyrotgfork-2.2.13.tar.gz", hash = "sha256:a5b9d0c91c797517f0531c6c66856c301f6dc477fdbf5aba76195007e180ab78"},
]

[package.dependencies]
pyaes = "<=1.6.1"
pysocks = "<=1.7.1"
pytgcrypto = {version = ">1.2.9.2,<=1.4", optional = true, markers = "extra == \"fast\""}
uvloop = {version = ">0.18.0,<=0.19.0", optional = true, markers = "extra == \"fast\""}

[package.extras]
dev = ["hatch (<=1.7.0)", "keyring (<=25.1.0)", "pytest (<=7.4.3)", "pytest-asyncio (<=0.21.1)", "pytest-cov (<=4.1.0)", "twine (<=4.0.2)"]
docs = ["furo (<=2023.9.10)", "pygments (<=2.17.2)", "sphinx (<=7.2.6)", "sphinx-autobuild (<=2021.3.14)", "sphinx-copybutton (<=0.5.2)"]
fast = ["pytgcrypto (>1.2.9.2,<=1.4)", "uvloop (>0.18.0,<=0.19.0)"]

[[package]]
name = "pysocks"
version = "1.7.1"
description = "A Python SOCKS client module. See https://github.com/Anorov/PySocks for more information."
optional = false
python-versions = ">=2.7, !=3.0.*, !=3.1.*, !=3.2.*, !=3.3.*"
files = [
    {file = "PySocks-1.7.1-py27-none-any.whl", hash = "sha256:08e69f092cc6dbe92a0fdd16eeb9b9ffbc13cadfe5ca4c7bd92ffb078b293299"},
    {file = "PySocks-1.7.1-py3-none-any.whl", hash = "sha256:2725bd0a9925919b9b51739eea5f9e2bae91e83288108a9ad338b2e3a4435ee5"},
    {file = "PySocks-1.7.1.tar.gz", hash = "sha256:3f8804571ebe159c380ac6de37643bb4685970655d3bba243530d6558b799aa0"},
]

[[package]]
name = "pytgcrypto"
version = "1.2.11"
description = "Fast and Portable Cryptography Extension Library for Pyrogram"
optional = false
python-versions = "~=3.7"
files = [
    {file = "PyTgCrypto-1.2.11-cp310-cp310-macosx_10_9_universal2.whl", hash = "sha256:60a640a3202fb4e5264bbdc2bc998b81cf8598d036116bcd87e94d353843bb0b"},
    {file = "PyTgCrypto-1.2.11-cp310-cp310-macosx_10_9_x86_64.whl", hash = "sha256:a3f523ab69a8297f3dc7c21cf7f505b89ae696fee3ad225c50406490c2dac28e"},
    {file = "PyTgCrypto-1.2.11-cp310-cp310-macosx_11_0_arm64.whl", hash = "sha256:93678a36cadf9830e7d6e9d7a2ed6e51c5e5b6eb5d1ec3949eb4c5fed3a9fb96"},
    {file = "PyTgCrypto-1.2.11-cp310-cp310-manylinux_2_17_aarch64.manylinux2014_aarch64.whl", hash = "sha256:b6c0be9f026a9bacecc8572cf4f8fd3aad964ef2795fb3d927d39a10a5bebc5f"},
    {file = "PyTgCrypto-1.2.11-cp310-cp310-manylinux_2_17_armv7l.manylinux2014_armv7l.manylinux_2_31_armv7l.whl", hash = "sha256:04db0e4a8739db19bc567ca545aaca1ea8f69db05916583327e7bedb84a7aeae"},
    {file = "PyTgCrypto-1.2.11-cp310-cp310-manylinux_2_17_ppc64le.manylinux2014_ppc64le.whl", hash = "sha256:60b201ea095d73843ac0072c8274fad942c9065a16cbae403e15ef2b7b742ac4"},
    {file = "PyTgCrypto-1.2.11-cp310-cp310-manylinux_2_17_s390x.manylinux2014_s390x.whl", hash = "sha256:e857ee462dc095e24b55861745e912328291a61faf731de276d6d25f89fd2ca1"},
    {file = "PyTgCrypto-1.2.11-cp310-cp310-manylinux_2_17_x86_64.manylinux2014_x86_64.whl", hash = "sha256:a523d0ec132abcaf5fa85dd243765da9a7b7ec6a8cdaab0cfcd7e9cc21fdf1ac"},
    {file = "PyTgCrypto-1.2.11-cp310-cp310-manylinux_2_5_i686.manylinux1_i686.manylinux_2_17_i686.manylinux2014_i686.whl", hash = "sha256:6ae822844cd3d9df9aa536150220e475f11410b98f66d56b785489c53625e26b"},
    {file = "PyTgCrypto-1.2.11-cp310-cp310-musllinux_1_2_aarch64.whl", hash = "sha256:38520bd3c4bb1abc341a6163269085b36960ba2132bad24df1a6fe2166e58946"},
    {file = "PyTgCrypto-1.2.11-cp310-cp310-musllinux_1_2_armv7l.whl", hash = "sha256:cfe3f18556c071f0d08cffb4ca30dc7fd6fd77ed2606ca2b665764f9b05cce47"},
    {file = "PyTgCrypto-1.2.11-cp310-cp310-musllinux_1_2_i686.whl", hash = "sha256:b4d89e3d5cdf686e0cca627e2f9d6315983d30300305eda363381020307db503"},
    {file = "PyTgCrypto-1.2.11-cp310-cp310-musllinux_1_2_ppc64le.whl", hash = "sha256:c8e973e91d1d666a2bd95d6fd18241b89c86f8ff1aaf3960e618ec7ead4f1878"},
    {file = "PyTgCrypto-1.2.11-cp310-cp310-musllinux_1_2_s390x.whl", hash = "sha256:13440db428de0606b8b68606923a2ee245489e39e683a0c2f6c55e409f79928d"},
    {file = "PyTgCrypto-1.2.11-cp310-cp310-musllinux_1_2_x86_64.whl", hash = "sha256:249ba1ff246bfa7c461f052cb319ffd0ab7b5e24a2dcf0fc50112e9c04bf8a3f"},
    {file = "PyTgCrypto-1.2.11-cp310-cp310-win32.whl", hash = "sha256:fc80bd590c07457f6d1dd48db4ecfa9d86258f502827ba0494769e146f68c309"},
    {file = "PyTgCrypto-1.2.11-cp310-cp310-win_amd64.whl", hash = "sha256:e7f2f042f6d13e84a48c164fa4dd09c10e22d269dc5778fcf95bc4b7c21a40a7"},
    {file = "PyTgCrypto-1.2.11-cp311-cp311-macosx_10_9_universal2.whl", hash = "sha256:c8b1db60099d60b4eaeb620c9414fe5f69bcff270acec4b5363c243ee9587b5d"},
    {file = "PyTgCrypto-1.2.11-cp311-cp311-macosx_10_9_x86_64.whl", hash = "sha256:36cb80818d8ea21e671be20e9554dbfe3aa0ea95e63225b13010eeffd167fecc"},
    {file = "PyTgCrypto-1.2.11-cp311-cp311-macosx_11_0_arm64.whl", hash = "sha256:5a3fced85c03104f0b078c0e5cb5fd548e7a6aaa7e68e509e0a34dc623399349"},
    {file = "PyTgCrypto-1.2.11-cp311-cp311-manylinux_2_17_aarch64.manylinux2014_aarch64.whl", hash = "sha256:e023389b969ca85697420435c1635dcd69a127bb184ab5f7965ca0204363c353"},
    {file = "PyTgCrypto-1.2.11-cp311-cp311-manylinux_2_17_armv7l.manylinux2014_armv7l.manylinux_2_31_armv7l.whl", hash = "sha256:ea51370dd63853e7b15f3468b570f28d1ec5e0040f04e5134cc7dd7021d27946"},
    {file = "PyTgCrypto-1.2.11-cp311-cp311-manylinux_2_17_ppc64le.manylinux2014_ppc64le.whl", hash = "sha256:51f480e78c6ed7ff0235ef9ffb08db9e5e100c195e744a80ebb7e5f1dbe068ac"},
    {file = "PyTgCrypto-1.2.11-cp311-cp311-manylinux_2_17_s390x.manylinux2014_s390x.whl", hash = "sha256:9a32e74cbbbb36adfd0029441cae832507050228d08e871b0992b812bc7307e6"},
    {file = "PyTgCrypto-1.2.11-cp311-cp311-manylinux_2_17_x86_64.manylinux2014_x86_64.whl", hash = "sha256:eb528c95cacdca0b63d8168abbad932262521663f4dfb925daab89f1391cd155"},
    {file = "PyTgCrypto-1.2.11-cp311-cp311-manylinux_2_5_i686.manylinux1_i686.manylinux_2_17_i686.manylinux2014_i686.whl", hash = "sha256:6afdeef802c5a48d68bfa05f83ef01166c04d96b0d51d55084db4ed5d112bd4d"},
    {file = "PyTgCrypto-1.2.11-cp311-cp311-musllinux_1_2_aarch64.whl", hash = "sha256:2fb60fc6a4fe7e9c9959e07e405a176acb14fe3cc16ed096a710b049131b8c8f"},
    {file = "PyTgCrypto-1.2.11-cp311-cp311-musllinux_1_2_armv7l.whl", hash = "sha256:ec23b296e085b610edba27e83f9b6af6cd68e88d10adbe4d4ccaf5c551094c92"},
    {file = "PyTgCrypto-1.2.11-cp311-cp311-musllinux_1_2_i686.whl", hash = "sha256:7af1a0463b44c29f82f24f9473d2421575e0bf520e48805599feeb63bbb09e57"},
    {file = "PyTgCrypto-1.2.11-cp311-cp311-musllinux_1_2_ppc64le.whl", hash = "sha256:984a8f366a94f90d69155d13095dbbd6b5d7a97f238d075e7817d6c4dee44980"},
    {file = "PyTgCrypto-1.2.11-cp311-cp311-musllinux_1_2_s390x.whl", hash = "sha256:f9fd15321ca6eb6037492e3035ab24999c03594138438f0806022571ff22038c"},
    {file = "PyTgCrypto-1.2.11-cp311-cp311-musllinux_1_2_x86_64.whl", hash = "sha256:d55ddba4698e922a89e4088c35af2bdc9dbb6342a450eda24184c5b1d249bfb0"},
    {file = "PyTgCrypto-1.2.11-cp311-cp311-win32.whl", hash = "sha256:1fd33beedd1d4d03505b8b29b131c2e27ea055274f70987c792a58c0ef6f7dec"},
    {file = "PyTgCrypto-1.2.11-cp311-cp311-win_amd64.whl", hash = "sha256:b3de6db23774f309ab975f2927424b33cb160a4bdc7c43bb9206434833c860ac"},
    {file = "PyTgCrypto-1.2.11-cp312-cp312-macosx_10_13_universal2.whl", hash = "sha256:a043a6a1e05fe4870108c4516ff1a1896d24f1381dc7b07e504027c5dd20a004"},
    {file = "PyTgCrypto-1.2.11-cp312-cp312-macosx_10_13_x86_64.whl", hash = "sha256:fc8204911db6605c4703ca4d602e9a543488402108d6d7d8d5e8eeb039df303b"},
    {file = "PyTgCrypto-1.2.11-cp312-cp312-macosx_11_0_arm64.whl", hash = "sha256:ff423ef7077a16d8faae232b1818a93ada001c7cd7f40ff49c2ba4f1b9582f17"},
    {file = "PyTgCrypto-1.2.11-cp312-cp312-manylinux_2_17_aarch64.manylinux2014_aarch64.whl", hash = "sha256:ea50ad34638d5a5511aa65d48880d8aaf25022fdad4bbe6d1f762c09a870648c"},
    {file = "PyTgCrypto-1.2.11-cp312-cp312-manylinux_2_17_armv7l.manylinux2014_armv7l.manylinux_2_31_armv7l.whl", hash = "sha256:60ffee39dc2613e3ddb1d7afde9775cfc221804c79270eb264fc04ba87347a6b"},
    {file = "PyTgCrypto-1.2.11-cp312-cp312-manylinux_2_17_ppc64le.manylinux2014_ppc64le.whl", hash = "sha256:5a81d9265c6701c41cf2fc65fb09bfb5b89d8746e22da441c24e5694165cd7af"},
    {file = "PyTgCrypto-1.2.11-cp312-cp312-manylinux_2_17_s390x.manylinux2014_s390x.whl", hash = "sha256:2c3ec0101d06bc01affd78547f634d77863e437a8687d419149381ff72fb3d42"},
    {file = "PyTgCrypto-1.2.11-cp312-cp312-manylinux_2_17_x86_64.manylinux2014_x86_64.whl", hash = "sha256:6468bc7375c07339daa0c6a7bc44cdf0c9180e7c9a1ada8042afdc19cc7fd054"},
    {file = "PyTgCrypto-1.2.11-cp312-cp312-manylinux_2_5_i686.manylinux1_i686.manylinux_2_17_i686.manylinux2014_i686.whl", hash = "sha256:c0378541d0e48e916848cc63b1ddae5b6d7007c5a19759f91b9f6110458040f8"},
    {file = "PyTgCrypto-1.2.11-cp312-cp312-musllinux_1_2_aarch64.whl", hash = "sha256:c3917004aed0e9027cd36a2bbef26d790e49b878896a49c603d88ac0fbe07f1a"},
    {file = "PyTgCrypto-1.2.11-cp312-cp312-musllinux_1_2_armv7l.whl", hash = "sha256:615de5682b3d3cf04fca29f3324ec0553ef3514be45ec703c34f9fdf4aec6116"},
    {file = "PyTgCrypto-1.2.11-cp312-cp312-musllinux_1_2_i686.whl", hash = "sha256:0db82f3bd75385872a15e1fab28768670031e3348df0653d8ba9f92e7e77edee"},
    {file = "PyTgCrypto-1.2.11-cp312-cp312-musllinux_1_2_ppc64le.whl", hash = "sha256:f64cc0a9a3706083217915f2672491d4bdfbefcb6f4e49ec831045b8fa572dd7"},
    {file = "PyTgCrypto-1.2.11-cp312-cp312-musllinux_1_2_s390x.whl", hash = "sha256:cc10725b0e73eb69abb604d657813a34255ec639d6eeafa6c907f0fb024428c8"},
    {file = "PyTgCrypto-1.2.11-cp312-cp312-musllinux_1_2_x86_64.whl", hash = "sha256:9d7c80f43fcaafd0e68148835fbbad4bf95f5812df9942e32d0182eb04255724"},
    {file = "PyTgCrypto-1.2.11-cp312-cp312-win32.whl", hash = "sha256:fad242179eb31c5d86e298ec6759fe1ff5a4eda68eb64d8abec1ee4de6081528"},
    {file = "PyTgCrypto-1.2.11-cp312-cp312-win_amd64.whl", hash = "sha256:0d59525932879bd58f2b284d7d6c9ffa9acc26b01762b841c2e3c33f215a711f"},
    {file = "PyTgCrypto-1.2.11-cp313-cp313-macosx_10_13_universal2.whl", hash = "sha256:4a38227d1d90522886c16534db617e3d81000007aab8537e1d79827ec32b9978"},
    {file = "PyTgCrypto-1.2.11-cp313-cp313-macosx_10_13_x86_64.whl", hash = "sha256:59fa6e54a659a39efd4dc5e2c7f5f0d0ef1057b58886838f1dd24c58a1b75f63"},
    {file = "PyTgCrypto-1.2.11-cp313-cp313-macosx_11_0_arm64.whl", hash = "sha256:916b855d3ad0ff5493f0ac355a924ed1d2f2678365e1b85836caf5d879378473"},
    {file = "PyTgCrypto-1.2.11-cp313-cp313-manylinux_2_17_aarch64.manylinux2014_aarch64.whl", hash = "sha256:8c604f670a344b7f982a6e7fe3ef96275c135a31534292fac43cf335cfd0d736"},
    {file = "PyTgCrypto-1.2.11-cp313-cp313-manylinux_2_17_armv7l.manylinux2014_armv7l.manylinux_2_31_armv7l.whl", hash = "sha256:7068f202319eb9007d9ad06ff113381ba35ce804b92a9f63307a568da08c11c4"},
    {file = "PyTgCrypto-1.2.11-cp313-cp313-manylinux_2_17_ppc64le.manylinux2014_ppc64le.whl", hash = "sha256:3fac60fa89f6458b80c76c04b1cc0719e188f0f4fb85ccf246e7f1114724a5b2"},
    {file = "PyTgCrypto-1.2.11-cp313-cp313-manylinux_2_17_s390x.manylinux2014_s390x.whl", hash = "sha256:96dc76e2c704c3046c5a31d5d290b494891a6667320ca2726c72c18665b9ce19"},
    {file = "PyTgCrypto-1.2.11-cp313-cp313-manylinux_2_17_x86_64.manylinux2014_x86_64.whl", hash = "sha256:40d79a62f89187adcffde9b79c66238ee6181bf541e54cab52335684854a574a"},
    {file = "PyTgCrypto-1.2.11-cp313-cp313-manylinux_2_5_i686.manylinux1_i686.manylinux_2_17_i686.manylinux2014_i686.whl", hash = "sha256:5889ef6325249c5705e7037032bfbb353e9201958492c7d6f9a6b362b5ac5a1e"},
    {file = "PyTgCrypto-1.2.11-cp313-cp313-musllinux_1_2_aarch64.whl", hash = "sha256:97dc3a726ddcda4857eea60bd76bea75cd5374e657ae76b7e4037c63b4d03649"},
    {file = "PyTgCrypto-1.2.11-cp313-cp313-musllinux_1_2_armv7l.whl", hash = "sha256:87865efe0d92e5a76fba3e0644ee07a7c2ae1374f82c02db2623d1abee059952"},
    {file = "PyTgCrypto-1.2.11-cp313-cp313-musllinux_1_2_i686.whl", hash = "sha256:614a3135dccea5e832dc215e21703e3d0f982e4eefdcaf1fcee295e38398d29f"},
    {file = "PyTgCrypto-1.2.11-cp313-cp313-musllinux_1_2_ppc64le.whl", hash = "sha256:014639f4e1e11671dfb8fa135481d2724c9feb57057ee9e7042b132d7c280d9c"},
    {file = "PyTgCrypto-1.2.11-cp313-cp313-musllinux_1_2_s390x.whl", hash = "sha256:8ac14c34bb50e1285fa75f056ccfdfca94c6721b58b404d1b334af65bf214824"},
    {file = "PyTgCrypto-1.2.11-cp313-cp313-musllinux_1_2_x86_64.whl", hash = "sha256:6d22dc4cd049162b768702c97577d65aa1bc4f4d1ee61b285bda6e244ac3917d"},
    {file = "PyTgCrypto-1.2.11-cp313-cp313-win32.whl", hash = "sha256:84e53996ecd8ebf03f74eaf16bf421eb4f87c277bdb67abec690e55d96637e65"},
    {file = "PyTgCrypto-1.2.11-cp313-cp313-win_amd64.whl", hash = "sha256:4a65afd650836c1ab1198e585035f1b80b2f58fc20a30264ad901424dc0b4878"},
    {file = "PyTgCrypto-1.2.11-cp37-cp37m-macosx_10_9_x86_64.whl", hash = "sha256:b3604a8e44c42674305320fc5bf2963cdd3a14f96e50acf525eaf307dcb03bea"},
    {file = "PyTgCrypto-1.2.11-cp37-cp37m-manylinux_2_17_aarch64.manylinux2014_aarch64.whl", hash = "sha256:944a8577a73bae2ff8380e0566ef59f73b45cbd1c5b313e084ca9520c40a3adf"},
    {file = "PyTgCrypto-1.2.11-cp37-cp37m-manylinux_2_17_armv7l.manylinux2014_armv7l.manylinux_2_31_armv7l.whl", hash = "sha256:29446465f968b65348b9f27ddc42e81cb8ce976f2dab099c5a7520c3d18807c3"},
    {file = "PyTgCrypto-1.2.11-cp37-cp37m-manylinux_2_17_ppc64le.manylinux2014_ppc64le.whl", hash = "sha256:16ac432e9c9abbe7fe2b4abcff663203f46dca914fdd4584a94c734d825f3d27"},
    {file = "PyTgCrypto-1.2.11-cp37-cp37m-manylinux_2_17_s390x.manylinux2014_s390x.whl", hash = "sha256:5c67b471d89eb0b1939abee3d46f7f35c03c168377a5b23895352f031b895c07"},
    {file = "PyTgCrypto-1.2.11-cp37-cp37m-manylinux_2_17_x86_64.manylinux2014_x86_64.whl", hash = "sha256:268505ab7b7c4f9c27986bc6ccfd722ba5fbcddca3888fab53139857e79bbfe5"},
    {file = "PyTgCrypto-1.2.11-cp37-cp37m-manylinux_2_5_i686.manylinux1_i686.manylinux_2_17_i686.manylinux2014_i686.whl", hash = "sha256:754b699e80f74ef8f267f68d975d4962468f10222c4d60530844226d9c4fa1ea"},
    {file = "PyTgCrypto-1.2.11-cp37-cp37m-musllinux_1_2_aarch64.whl", hash = "sha256:a6beef5be8571131e3723db841a8f2310087b5d928e29893a6974ec648628dbd"},
    {file = "PyTgCrypto-1.2.11-cp37-cp37m-musllinux_1_2_armv7l.whl", hash = "sha256:920f069cea960d61140b4addf98e624c2f84a8fda347533fb7b4e353df65239f"},
    {file = "PyTgCrypto-1.2.11-cp37-cp37m-musllinux_1_2_i686.whl", hash = "sha256:149386bc986d58f6e526aef64a33f3e31bfe45b9f45f7606c04bfb288984d618"},
    {file = "PyTgCrypto-1.2.11-cp37-cp37m-musllinux_1_2_ppc64le.whl", hash = "sha256:381a6f565afc32c769d1435c697fb12040354c293968c7e574fe8dfd52b6d0b2"},
    {file = "PyTgCrypto-1.2.11-cp37-cp37m-musllinux_1_2_s390x.whl", hash = "sha256:4d16ab060da46f0c6c2213bb8916ff4df4a85aa935e7bc1cc08c27c28863c2a8"},
    {file = "PyTgCrypto-1.2.11-cp37-cp37m-musllinux_1_2_x86_64.whl", hash = "sha256:9abca605504047ad4bcbc5d5431e8163a7630b055df670a367877110a1f2f432"},
    {file = "PyTgCrypto-1.2.11-cp37-cp37m-win32.whl", hash = "sha256:20ba5f878ece256129147a3a921f691bea5f483a82ece3f23ce29aac21e0a02b"},
    {file = "PyTgCrypto-1.2.11-cp37-cp37m-win_amd64.whl", hash = "sha256:b9193c4356f24a29523e5bd120e30ccecd9db9acdd877e3f824c979a189d3ca4"},
    {file = "PyTgCrypto-1.2.11-cp38-cp38-macosx_10_9_universal2.whl", hash = "sha256:dd7b59f14a27ea05fc9a9569d7cb263dc807d1dc95eafc65eeb0ac00759533a6"},
    {file = "PyTgCrypto-1.2.11-cp38-cp38-macosx_10_9_x86_64.whl", hash = "sha256:29062d65206fd0a192b182001510378624b33d6254387c03422587ca3ef05f7d"},
    {file = "PyTgCrypto-1.2.11-cp38-cp38-macosx_11_0_arm64.whl", hash = "sha256:9b8353cc98977274345a3b4426a7d9c8db279b7f0eafa4c71df8834c2f154e38"},
    {file = "PyTgCrypto-1.2.11-cp38-cp38-manylinux_2_17_aarch64.manylinux2014_aarch64.whl", hash = "sha256:10a578649b6d8ce012804594a75bf88430b8a8522c60b75abf8df7b53cf025fc"},
    {file = "PyTgCrypto-1.2.11-cp38-cp38-manylinux_2_17_armv7l.manylinux2014_armv7l.manylinux_2_31_armv7l.whl", hash = "sha256:3c7d15d404bef37c4354cabe4961cb03e72ee034c06a6f262c8620e3e3af8b3c"},
    {file = "PyTgCrypto-1.2.11-cp38-cp38-manylinux_2_17_ppc64le.manylinux2014_ppc64le.whl", hash = "sha256:3ed2229a94095657e86065f32b1056ad3ffebfd1e585d74b2daa93d6f78113bd"},
    {file = "PyTgCrypto-1.2.11-cp38-cp38-manylinux_2_17_s390x.manylinux2014_s390x.whl", hash = "sha256:f9866a6e4282b821893ea1a74d0fef95279d049fc82bb412c81aec76ba0ca694"},
    {file = "PyTgCrypto-1.2.11-cp38-cp38-manylinux_2_17_x86_64.manylinux2014_x86_64.whl", hash = "sha256:c7eeadd3ddd868c57be6cd96baffcf0abb2057c43d4eac403e449f498f04732f"},
    {file = "PyTgCrypto-1.2.11-cp38-cp38-manylinux_2_5_i686.manylinux1_i686.manylinux_2_17_i686.manylinux2014_i686.whl", hash = "sha256:d779f53616a2928a0943b72b4873942e85df50cd3018eec4322d2c325c273baf"},
    {file = "PyTgCrypto-1.2.11-cp38-cp38-musllinux_1_2_aarch64.whl", hash = "sha256:2f24b9d5dd0facf76cdee6466951dfe6f67f646f3505032633ba038886bbf00e"},
    {file = "PyTgCrypto-1.2.11-cp38-cp38-musllinux_1_2_armv7l.whl", hash = "sha256:8ae34ff425c9c735fc3e29c78d4dfaadc490833f29adb5c4dea90e770aa25b0d"},
    {file = "PyTgCrypto-1.2.11-cp38-cp38-musllinux_1_2_i686.whl", hash = "sha256:654d5d09752069548779a7666da954220e1545cb0798c74d265ef3c23ec6bce6"},
    {file = "PyTgCrypto-1.2.11-cp38-cp38-musllinux_1_2_ppc64le.whl", hash = "sha256:c515838c318d721bd219600754eaa7f14bb755e5b4ecd1e380003141e8882f2c"},
    {file = "PyTgCrypto-1.2.11-cp38-cp38-musllinux_1_2_s390x.whl", hash = "sha256:acbc56ca6ec65fd293d8ce5958f2046ca8aa998c1ed941ae2392883ef145538a"},
    {file = "PyTgCrypto-1.2.11-cp38-cp38-musllinux_1_2_x86_64.whl", hash = "sha256:3df2b4cce5bf09c451cfc5e48823c6998b221e4654a72bfe16d8946d25f5a4d9"},
    {file = "PyTgCrypto-1.2.11-cp38-cp38-win32.whl", hash = "sha256:adc2772b6112e2b204e9a0f3fcfc9341b0c703f6fe8e520cd163d8f8cc6785d0"},
    {file = "PyTgCrypto-1.2.11-cp38-cp38-win_amd64.whl", hash = "sha256:d6d53c8418284b7968e71e5f9669dbe024a3beb56ae28d45dac0f5d1a281e181"},
    {file = "PyTgCrypto-1.2.11-cp39-cp39-macosx_10_9_universal2.whl", hash = "sha256:2f48556188fdf4e56ca597fdae97d74134903c1176e1387055201460c616ffaa"},
    {file = "PyTgCrypto-1.2.11-cp39-cp39-macosx_10_9_x86_64.whl", hash = "sha256:9ae98d16a36025f333ec953ce281707484dbf6c760acaaf518de023ca1e3f165"},
    {file = "PyTgCrypto-1.2.11-cp39-cp39-macosx_11_0_arm64.whl", hash = "sha256:9c184663d13d58a918f99853777bd22a4c78d6e8f4786ec84667be4a09a3c9a8"},
    {file = "PyTgCrypto-1.2.11-cp39-cp39-manylinux_2_17_aarch64.manylinux2014_aarch64.whl", hash = "sha256:9cfa9c90ed8e5271a9a014a3715398613d916f97328259831dd5e29d31a9097c"},
    {file = "PyTgCrypto-1.2.11-cp39-cp39-manylinux_2_17_armv7l.manylinux2014_armv7l.manylinux_2_31_armv7l.whl", hash = "sha256:008889de754c0656c7778ff0ec40819931ba8d9bf934689399496208f69177dd"},
    {file = "PyTgCrypto-1.2.11-cp39-cp39-manylinux_2_17_ppc64le.manylinux2014_ppc64le.whl", hash = "sha256:12d323476b6c2a92aebf916ebd5bf8e217cb836ec974d172a2ac16b55972599f"},
    {file = "PyTgCrypto-1.2.11-cp39-cp39-manylinux_2_17_s390x.manylinux2014_s390x.whl", hash = "sha256:6e7ac1f9e7e4ab8f930a7027c0d3ce465636f4c7618c3360adc2937ec506b49d"},
    {file = "PyTgCrypto-1.2.11-cp39-cp39-manylinux_2_17_x86_64.manylinux2014_x86_64.whl", hash = "sha256:d58e484e38ef6e4d5fa613551d8b65fd945eeb3874cddb09d431d512db2af01c"},
    {file = "PyTgCrypto-1.2.11-cp39-cp39-manylinux_2_5_i686.manylinux1_i686.manylinux_2_17_i686.manylinux2014_i686.whl", hash = "sha256:24f690d66efc1c5b99a4090195fb8f4a402160bf43d59efc8b85498a1d276aaa"},
    {file = "PyTgCrypto-1.2.11-cp39-cp39-musllinux_1_2_aarch64.whl", hash = "sha256:56749d80a37a5425f4b0ede1281e1c0f2e80e153149a5c65b803c8953bf3d75a"},
    {file = "PyTgCrypto-1.2.11-cp39-cp39-musllinux_1_2_armv7l.whl", hash = "sha256:932732884ad0d413bb74f016f05e7726a92ae7abdc52061bfb828858137bde82"},
    {file = "PyTgCrypto-1.2.11-cp39-cp39-musllinux_1_2_i686.whl", hash = "sha256:b6242f52c8e00ba0f5e31fc5be19612e170470671d165663df01be195251b6e6"},
    {file = "PyTgCrypto-1.2.11-cp39-cp39-musllinux_1_2_ppc64le.whl", hash = "sha256:8c05956a445030daf28530298a74ffd2188a0ffddcdf20a2494cae8c479dc4ae"},
    {file = "PyTgCrypto-1.2.11-cp39-cp39-musllinux_1_2_s390x.whl", hash = "sha256:b79dfc28754233e65a7fd55986a00e0f24d1820f7eb1fbe6e9292689e4cc31c8"},
    {file = "PyTgCrypto-1.2.11-cp39-cp39-musllinux_1_2_x86_64.whl", hash = "sha256:3ade5920826304343bd72bcb7b95460176e7911bbd89c5d39a5c99c241cfb181"},
    {file = "PyTgCrypto-1.2.11-cp39-cp39-win32.whl", hash = "sha256:babc62f1e660d73517b2a2aee16523a853a2ca8996b2fe0bc6f998180d18c639"},
    {file = "PyTgCrypto-1.2.11-cp39-cp39-win_amd64.whl", hash = "sha256:b12aed845125599f164a25a9a962a14a2e2476fd7f8f7e29be7963e1ad1cf29f"},
    {file = "PyTgCrypto-1.2.11-pp310-pypy310_pp73-macosx_10_15_x86_64.whl", hash = "sha256:f414d4e0b39f3e853945d12277db6544a708813fa3b06089ae4c9b8e018280a6"},
    {file = "PyTgCrypto-1.2.11-pp310-pypy310_pp73-macosx_11_0_arm64.whl", hash = "sha256:e0b28cbc1581258f8f955e937e3a498af02c25ba9730213cac5bc6292d546418"},
    {file = "PyTgCrypto-1.2.11-pp310-pypy310_pp73-manylinux_2_17_aarch64.manylinux2014_aarch64.whl", hash = "sha256:e5dd7143f11b6e71d00566f00a84934357c2f45d774464bd155f9027d5c1622a"},
    {file = "PyTgCrypto-1.2.11-pp310-pypy310_pp73-manylinux_2_17_x86_64.manylinux2014_x86_64.whl", hash = "sha256:4d1dab04fb9493fb36140c3cd471e946ed1b85cce571787442b038f2b91099e5"},
    {file = "PyTgCrypto-1.2.11-pp310-pypy310_pp73-manylinux_2_5_i686.manylinux1_i686.manylinux_2_17_i686.manylinux2014_i686.whl", hash = "sha256:3308644f445fca5bc357a246ce740b274a2d68cc4f75faa1e80e0da66d02e881"},
    {file = "PyTgCrypto-1.2.11-pp310-pypy310_pp73-win_amd64.whl", hash = "sha256:9646efc095d5bfe8cbb9968b7a7737ebf7de682938a4c1c89c1ef628b5014f5d"},
    {file = "PyTgCrypto-1.2.11-pp311-pypy311_pp73-macosx_10_15_x86_64.whl", hash = "sha256:2c7860683e9d206b5115fe74a699093bbaef9724f02226b01b80be62749bcaf1"},
    {file = "PyTgCrypto-1.2.11-pp311-pypy311_pp73-macosx_11_0_arm64.whl", hash = "sha256:b81c417121cb4246cfabd371393ad5e848d21fc665ad514b73162fa898224a3a"},
    {file = "PyTgCrypto-1.2.11-pp311-pypy311_pp73-manylinux_2_17_aarch64.manylinux2014_aarch64.whl", hash = "sha256:5a6735b335f6804b22e2ee3be52dac987909192793f635ebc8abf53458125941"},
    {file = "PyTgCrypto-1.2.11-pp311-pypy311_pp73-manylinux_2_17_x86_64.manylinux2014_x86_64.whl", hash = "sha256:9e73f1990f8f160a1ebd6c9108f96bf4a07ae48983259d12acac2b0ad59b2ab6"},
    {file = "PyTgCrypto-1.2.11-pp311-pypy311_pp73-manylinux_2_5_i686.manylinux1_i686.manylinux_2_17_i686.manylinux2014_i686.whl", hash = "sha256:e2da9f3ab86f3d0c548ebf17b334efaff8514b5e72eacc01e03482c0dc726bce"},
    {file = "PyTgCrypto-1.2.11-pp311-pypy311_pp73-win_amd64.whl", hash = "sha256:2f58be00af6933fd2f7868a306db642e4ffe07bdd0dbc185005fb21a7fab05ec"},
    {file = "PyTgCrypto-1.2.11-pp37-pypy37_pp73-macosx_10_9_x86_64.whl", hash = "sha256:2359624a4bd48098520e12000f0dba9c295e1f9849244bb356bab82a8c15e1ff"},
    {file = "PyTgCrypto-1.2.11-pp37-pypy37_pp73-manylinux_2_17_aarch64.manylinux2014_aarch64.whl", hash = "sha256:6a73a7de7a10528e19c6a71d812f19ac259923607e61c3ff06cf288d46796689"},
    {file = "PyTgCrypto-1.2.11-pp37-pypy37_pp73-manylinux_2_17_x86_64.manylinux2014_x86_64.whl", hash = "sha256:7f74edac53e6e431dc166c8648b3fdeb950f0dd61e8e621e3060b1ae0328114c"},
    {file = "PyTgCrypto-1.2.11-pp37-pypy37_pp73-manylinux_2_5_i686.manylinux1_i686.manylinux_2_17_i686.manylinux2014_i686.whl", hash = "sha256:f3c3d279c50c0224b94f9e2ed2b140adb9cae66bb01c85243613a2b6388d6006"},
    {file = "PyTgCrypto-1.2.11-pp37-pypy37_pp73-win_amd64.whl", hash = "sha256:77eff1f55af8378f430d5dfcabeb5cd6e900ade52583d486c1cf753e1a33cde6"},
    {file = "PyTgCrypto-1.2.11-pp38-pypy38_pp73-macosx_10_9_x86_64.whl", hash = "sha256:774901e750a394ea5f354877fe433977d4613e18da6f43f5ad3a688c2af39d75"},
    {file = "PyTgCrypto-1.2.11-pp38-pypy38_pp73-macosx_11_0_arm64.whl", hash = "sha256:2a7dac404f5179a945519f377aca57515a8c212064e09025aab1f4764daf2af6"},
    {file = "PyTgCrypto-1.2.11-pp38-pypy38_pp73-manylinux_2_17_aarch64.manylinux2014_aarch64.whl", hash = "sha256:54200c2cd2ac94091427b1acbd91326bd2eedc83e98f46292ed0ad378e1d4c5f"},
    {file = "PyTgCrypto-1.2.11-pp38-pypy38_pp73-manylinux_2_17_x86_64.manylinux2014_x86_64.whl", hash = "sha256:6c8e34d27bf45a119f1088c9c544ad4631a7825d8e7ec8d7e66de1395c9eebce"},
    {file = "PyTgCrypto-1.2.11-pp38-pypy38_pp73-manylinux_2_5_i686.manylinux1_i686.manylinux_2_17_i686.manylinux2014_i686.whl", hash = "sha256:3c0d611a4e2f7ba988fc554b47f8fff8efc0cecb92a247c5289d46c23fdcb870"},
    {file = "PyTgCrypto-1.2.11-pp38-pypy38_pp73-win_amd64.whl", hash = "sha256:602e1c4fca6b511047389e084f49c9d68c86a40f6d5a133a0858ba1215894f57"},
    {file = "PyTgCrypto-1.2.11-pp39-pypy39_pp73-macosx_10_15_x86_64.whl", hash = "sha256:1e24b3af2e15e802794f1d3a45cf404512051f3ddeedd2dc3dce2741b7bfe10c"},
    {file = "PyTgCrypto-1.2.11-pp39-pypy39_pp73-macosx_11_0_arm64.whl", hash = "sha256:d0e9120323ef6c81fe66aa34a823f6b5d4b9d98a7445666584b3539790a600b3"},
    {file = "PyTgCrypto-1.2.11-pp39-pypy39_pp73-manylinux_2_17_aarch64.manylinux2014_aarch64.whl", hash = "sha256:ea0ab31251f5ae5f3f49b7073ce784daf6e42993de4c20b27afc7ceddec011b2"},
    {file = "PyTgCrypto-1.2.11-pp39-pypy39_pp73-manylinux_2_17_x86_64.manylinux2014_x86_64.whl", hash = "sha256:171aa33d5343200cdfdea9f8792df543cabe323e91dc73cf786d4f4af47d0e80"},
    {file = "PyTgCrypto-1.2.11-pp39-pypy39_pp73-manylinux_2_5_i686.manylinux1_i686.manylinux_2_17_i686.manylinux2014_i686.whl", hash = "sha256:3133235e8bb387ba4245d461bf8a07366f4c691619bfc959f7c9ef3f192abcc3"},
    {file = "PyTgCrypto-1.2.11-pp39-pypy39_pp73-win_amd64.whl", hash = "sha256:b0eabd5e16321abdcade58082ce1cafdcecd9a9078d8956281c1415f5c7e825e"},
]

[[package]]
name = "uvloop"
version = "0.19.0"
description = "Fast implementation of asyncio event loop on top of libuv"
optional = false
python-versions = ">=3.8.0"
files = [
    {file = "uvloop-0.19.0-cp310-cp310-macosx_10_9_universal2.whl", hash = "sha256:de4313d7f575474c8f5a12e163f6d89c0a878bc49219641d49e6f1444369a90e"},
    {file = "uvloop-0.19.0-cp310-cp310-macosx_10_9_x86_64.whl", hash = "sha256:5588bd21cf1fcf06bded085f37e43ce0e00424197e7c10e77afd4bbefffef428"},
    {file = "uvloop-0.19.0-cp310-cp310-manylinux_2_17_aarch64.manylinux2014_aarch64.whl", hash = "sha256:7b1fd71c3843327f3bbc3237bedcdb6504fd50368ab3e04d0410e52ec293f5b8"},
    {file = "uvloop-0.19.0-cp310-cp310-manylinux_2_17_x86_64.manylinux2014_x86_64.whl", hash = "sha256:5a05128d315e2912791de6088c34136bfcdd0c7cbc1cf85fd6fd1bb321b7c849"},
    {file = "uvloop-0.19.0-cp310-cp310-musllinux_1_1_aarch64.whl", hash = "sha256:cd81bdc2b8219cb4b2556eea39d2e36bfa375a2dd021404f90a62e44efaaf957"},
    {file = "uvloop-0.19.0-cp310-cp310-musllinux_1_1_x86_64.whl", hash = "sha256:5f17766fb6da94135526273080f3455a112f82570b2ee5daa64d682387fe0dcd"},
    {file = "uvloop-0.19.0-cp311-cp311-macosx_10_9_universal2.whl", hash = "sha256:4ce6b0af8f2729a02a5d1575feacb2a94fc7b2e983868b009d51c9a9d2149bef"},
    {file = "uvloop-0.19.0-cp311-cp311-macosx_10_9_x86_64.whl", hash = "sha256:31e672bb38b45abc4f26e273be83b72a0d28d074d5b370fc4dcf4c4eb15417d2"},
    {file = "uvloop-0.19.0-cp311-cp311-manylinux_2_17_aarch64.manylinux2014_aarch64.whl", hash = "sha256:570fc0ed613883d8d30ee40397b79207eedd2624891692471808a95069a007c1"},
    {file = "uvloop-0.19.0-cp311-cp311-manylinux_2_17_x86_64.manylinux2014_x86_64.whl", hash = "sha256:5138821e40b0c3e6c9478643b4660bd44372ae1e16a322b8fc07478f92684e24"},
    {file = "uvloop-0.19.0-cp311-cp311-musllinux_1_1_aarch64.whl", hash = "sha256:91ab01c6cd00e39cde50173ba4ec68a1e578fee9279ba64f5221810a9e786533"},
    {file = "uvloop-0.19.0-cp311-cp311-musllinux_1_1_x86_64.whl", hash = "sha256:47bf3e9312f63684efe283f7342afb414eea4d3011542155c7e625cd799c3b12"},
    {file = "uvloop-0.19.0-cp312-cp312-macosx_10_9_universal2.whl", hash = "sha256:da8435a3bd498419ee8c13c34b89b5005130a476bda1d6ca8cfdde3de35cd650"},
    {file = "uvloop-0.19.0-cp312-cp312-macosx_10_9_x86_64.whl", hash = "sha256:02506dc23a5d90e04d4f65c7791e65cf44bd91b37f24cfc3ef6cf2aff05dc7ec"},
    {file = "uvloop-0.19.0-cp312-cp312-manylinux_2_17_aarch64.manylinux2014_aarch64.whl", hash = "sha256:2693049be9d36fef81741fddb3f441673ba12a34a704e7b4361efb75cf30befc"},
    {file = "uvloop-0.19.0-cp312-cp312-manylinux_2_17_x86_64.manylinux2014_x86_64.whl", hash = "sha256:7010271303961c6f0fe37731004335401eb9075a12680738731e9c92ddd96ad6"},
    {file = "uvloop-0.19.0-cp312-cp312-musllinux_1_1_aarch64.whl", hash = "sha256:5daa304d2161d2918fa9a17d5635099a2f78ae5b5960e742b2fcfbb7aefaa593"},
    {file = "uvloop-0.19.0-cp312-cp312-musllinux_1_1_x86_64.whl", hash = "sha256:7207272c9520203fea9b93843bb775d03e1cf88a80a936ce760f60bb5add92f3"},
    {file = "uvloop-0.19.0-cp38-cp38-macosx_10_9_universal2.whl", hash = "sha256:78ab247f0b5671cc887c31d33f9b3abfb88d2614b84e4303f1a63b46c046c8bd"},
    {file = "uvloop-0.19.0-cp38-cp38-macosx_10_9_x86_64.whl", hash = "sha256:472d61143059c84947aa8bb74eabbace30d577a03a1805b77933d6bd13ddebbd"},
    {file = "uvloop-0.19.0-cp38-cp38-manylinux_2_17_aarch64.manylinux2014_aarch64.whl", hash = "sha256:45bf4c24c19fb8a50902ae37c5de50da81de4922af65baf760f7c0c42e1088be"},
    {file = "uvloop-0.19.0-cp38-cp38-manylinux_2_17_x86_64.manylinux2014_x86_64.whl", hash = "sha256:271718e26b3e17906b28b67314c45d19106112067205119dddbd834c2b7ce797"},
    {file = "uvloop-0.19.0-cp38-cp38-musllinux_1_1_aarch64.whl", hash = "sha256:34175c9fd2a4bc3adc1380e1261f60306344e3407c20a4d684fd5f3be010fa3d"},
    {file = "uvloop-0.19.0-cp38-cp38-musllinux_1_1_x86_64.whl", hash = "sha256:e27f100e1ff17f6feeb1f33968bc185bf8ce41ca557deee9d9bbbffeb72030b7"},
    {file = "uvloop-0.19.0-cp39-cp39-macosx_10_9_universal2.whl", hash = "sha256:13dfdf492af0aa0a0edf66807d2b465607d11c4fa48f4a1fd41cbea5b18e8e8b"},
    {file = "uvloop-0.19.0-cp39-cp39-macosx_10_9_x86_64.whl", hash = "sha256:6e3d4e85ac060e2342ff85e90d0c04157acb210b9ce508e784a944f852a40e67"},
    {file = "uvloop-0.19.0-cp39-cp39-manylinux_2_17_aarch64.manylinux2014_aarch64.whl", hash = "sha256:8ca4956c9ab567d87d59d49fa3704cf29e37109ad348f2d5223c9bf761a332e7"},
    {file = "uvloop-0.19.0-cp39-cp39-manylinux_2_17_x86_64.manylinux2014_x86_64.whl", hash = "sha256:f467a5fd23b4fc43ed86342641f3936a68ded707f4627622fa3f82a120e18256"},
    {file = "uvloop-0.19.0-cp39-cp39-musllinux_1_1_aarch64.whl", hash = "sha256:492e2c32c2af3f971473bc22f086513cedfc66a130756145a931a90c3958cb17"},
    {file = "uvloop-0.19.0-cp39-cp39-musllinux_1_1_x86_64.whl", hash = "sha256:2df95fca285a9f5bfe730e51945ffe2fa71ccbfdde3b0da5772b4ee4f2e770d5"},
    {file = "uvloop-0.19.0.tar.gz", hash = "sha256:0246f4fd1bf2bf702e06b0d45ee91677ee5c31242f39aab4ea6fe0c51aedd0fd"},
]

[package.extras]
docs = ["Sphinx (>=4.1.2,<4.2.0)", "sphinx-rtd-theme (>=0.5.2,<0.6.0)", "sphinxcontrib-asyncio (>=0.3.0,<0.4.0)"]
test = ["Cython (>=0.29.36,<0.30.0)", "aiohttp (==3.9.0b0)", "aiohttp (>=3.8.1)", "flake8 (>=5.0,<6.0)", "mypy (>=0.800)", "psutil", "pyOpenSSL (>=23.0.0,<23.1.0)", "pycodestyle (>=2.9.0,<2.10.0)"]

[metadata]
lock-version = "2.0"
python-versions = "^3.11"
content-hash = "9b0682e7ed8fb7be498b6781f4250aa6ef177ca476901a699acf6845caabd7ce"
